PODS:
  - EasyTipView (1.0.2)
  - Firebase/Core (5.0.1):
    - Firebase/CoreOnly
    - FirebaseAnalytics (= 5.0.0)
  - Firebase/CoreOnly (5.0.1):
    - FirebaseCore (= 5.0.1)
  - FirebaseAnalytics (5.0.0):
    - FirebaseCore (~> 5.0)
    - FirebaseInstanceID (~> 3.0)
    - "GoogleToolboxForMac/NSData+zlib (~> 2.1)"
    - nanopb (~> 0.3)
  - FirebaseCore (5.0.1):
    - "GoogleToolboxForMac/NSData+zlib (~> 2.1)"
  - FirebaseInstanceID (3.0.0):
    - FirebaseCore (~> 5.0)
  - GoogleToolboxForMac/Defines (2.1.4)
  - "GoogleToolboxForMac/NSData+zlib (2.1.4)":
    - GoogleToolboxForMac/Defines (= 2.1.4)
  - nanopb (0.3.8):
    - nanopb/decode (= 0.3.8)
    - nanopb/encode (= 0.3.8)
  - nanopb/decode (0.3.8)
  - nanopb/encode (0.3.8)
  - SlideMenuControllerSwift (4.0.0)
  - SnapKit (4.0.0)
  - ValueStepper (1.5)

DEPENDENCIES:
  - EasyTipView (from `https://github.com/jitendragaur/EasyTipView.git`, commit `4f8eb82`)
  - Firebase/Core
  - SlideMenuControllerSwift
  - SnapKit (~> 4.0)
  - ValueStepper (from `https://github.com/caitlin615/ValueStepper.git`, branch `master`)

SPEC REPOS:
  https://github.com/cocoapods/specs.git:
    - Firebase
    - FirebaseAnalytics
    - FirebaseCore
    - FirebaseInstanceID
    - GoogleToolboxForMac
    - nanopb
    - SlideMenuControllerSwift
    - SnapKit

EXTERNAL SOURCES:
  EasyTipView:
    :commit: 4f8eb82
    :git: https://github.com/jitendragaur/EasyTipView.git
  ValueStepper:
    :branch: master
    :git: https://github.com/caitlin615/ValueStepper.git

CHECKOUT OPTIONS:
  EasyTipView:
    :commit: 4f8eb82
    :git: https://github.com/jitendragaur/EasyTipView.git
  ValueStepper:
    :commit: cfb8be7356c0c464db4f8a56fd7b6fd9e8ae7f33
    :git: https://github.com/caitlin615/ValueStepper.git

SPEC CHECKSUMS:
  EasyTipView: b93a19be981cc2221d6d7191d49872f547e0bebf
  Firebase: d6861c2059d8c32d1e6dd8932e22ada346d90a3a
  FirebaseAnalytics: 19812b49fa5f283dd6b23edf8a14b5d477029ab8
  FirebaseCore: cafc814b2d84fc8733f09e653041cc2165332ad7
  FirebaseInstanceID: 83e0040351565df711a5db3d8ebe5ea21aca998a
  GoogleToolboxForMac: 91c824d21e85b31c2aae9bb011c5027c9b4e738f
  nanopb: 5601e6bca2dbf1ed831b519092ec110f66982ca3
  SlideMenuControllerSwift: 021d6318201c53d4d4d3710517d43d6c556c7dd0
  SnapKit: a42d492c16e80209130a3379f73596c3454b7694
  ValueStepper: 577857afaa07313c82a7ac686ae2f06994b913c4

PODFILE CHECKSUM: bc8852fc52a018792fe1825996c4d091085ba123

COCOAPODS: 1.5.2
