<?xml version="1.0" encoding="UTF-8"?>
<Scheme
   LastUpgradeVersion = "1000"
   version = "1.7">
   <BuildAction
      parallelizeBuildables = "YES"
      buildImplicitDependencies = "YES">
      <BuildActionEntries>
         <BuildActionEntry
            buildForTesting = "YES"
            buildForRunning = "YES"
            buildForProfiling = "YES"
            buildForArchiving = "YES"
            buildForAnalyzing = "YES">
            <BuildableReference
               BuildableIdentifier = "primary"
               BlueprintIdentifier = "4870AFAB20A9B0E800DAB1C1"
               BuildableName = "PowerTimer.app"
               BlueprintName = "PowerTimer"
               ReferencedContainer = "container:PowerTimer.xcodeproj">
            </BuildableReference>
         </BuildActionEntry>
      </BuildActionEntries>
   </BuildAction>
   <TestAction
      buildConfiguration = "Debug"
      selectedDebuggerIdentifier = "Xcode.DebuggerFoundation.Debugger.LLDB"
      selectedLauncherIdentifier = "Xcode.DebuggerFoundation.Launcher.LLDB"
      shouldUseLaunchSchemeArgsEnv = "YES">
      <PreActions>
         <ExecutionAction
            ActionType = "Xcode.IDEStandardExecutionActionsCore.ExecutionActionType.ShellScriptAction">
            <ActionContent
               title = "Run Script"
               scriptText = "xcrun simctl boot &quot;${TARGET_DEVICE_IDENTIFIER}&quot;&#10;xcrun simctl status_bar &quot;${TARGET_DEVICE_IDENTIFIER}&quot; override   \&#10;  --time &apos;9:41 AM&apos; \&#10;  --dataNetwork wifi \&#10;  --batteryState charged \&#10;  --cellularMode notSupported \&#10;  --wifiMode active \&#10;  --wifiBars 3 \&#10;  --cellularBars 4&#10;">
               <EnvironmentBuildable>
                  <BuildableReference
                     BuildableIdentifier = "primary"
                     BlueprintIdentifier = "48309B732166F66400B0D9AD"
                     BuildableName = "PowerTimerUITests.xctest"
                     BlueprintName = "PowerTimerUITests"
                     ReferencedContainer = "container:PowerTimer.xcodeproj">
                  </BuildableReference>
               </EnvironmentBuildable>
            </ActionContent>
         </ExecutionAction>
      </PreActions>
      <PostActions>
         <ExecutionAction
            ActionType = "Xcode.IDEStandardExecutionActionsCore.ExecutionActionType.ShellScriptAction">
            <ActionContent
               title = "Run Script"
               scriptText = "# Type a script or drag a script file from your workspace to insert its path.&#10;#xcrun simctl status_bar &quot;${TARGET_DEVICE_IDENTIFIER}&quot; clear&#10;">
               <EnvironmentBuildable>
                  <BuildableReference
                     BuildableIdentifier = "primary"
                     BlueprintIdentifier = "48309B732166F66400B0D9AD"
                     BuildableName = "PowerTimerUITests.xctest"
                     BlueprintName = "PowerTimerUITests"
                     ReferencedContainer = "container:PowerTimer.xcodeproj">
                  </BuildableReference>
               </EnvironmentBuildable>
            </ActionContent>
         </ExecutionAction>
      </PostActions>
      <MacroExpansion>
         <BuildableReference
            BuildableIdentifier = "primary"
            BlueprintIdentifier = "4870AFAB20A9B0E800DAB1C1"
            BuildableName = "PowerTimer.app"
            BlueprintName = "PowerTimer"
            ReferencedContainer = "container:PowerTimer.xcodeproj">
         </BuildableReference>
      </MacroExpansion>
      <Testables>
         <TestableReference
            skipped = "NO">
            <BuildableReference
               BuildableIdentifier = "primary"
               BlueprintIdentifier = "48309B732166F66400B0D9AD"
               BuildableName = "PowerTimerUITests.xctest"
               BlueprintName = "PowerTimerUITests"
               ReferencedContainer = "container:PowerTimer.xcodeproj">
            </BuildableReference>
         </TestableReference>
      </Testables>
   </TestAction>
   <LaunchAction
      buildConfiguration = "Debug"
      selectedDebuggerIdentifier = "Xcode.DebuggerFoundation.Debugger.LLDB"
      selectedLauncherIdentifier = "Xcode.DebuggerFoundation.Launcher.LLDB"
      launchStyle = "0"
      useCustomWorkingDirectory = "NO"
      ignoresPersistentStateOnLaunch = "NO"
      debugDocumentVersioning = "YES"
      debugServiceExtension = "internal"
      allowLocationSimulation = "YES">
      <BuildableProductRunnable
         runnableDebuggingMode = "0">
         <BuildableReference
            BuildableIdentifier = "primary"
            BlueprintIdentifier = "4870AFAB20A9B0E800DAB1C1"
            BuildableName = "PowerTimer.app"
            BlueprintName = "PowerTimer"
            ReferencedContainer = "container:PowerTimer.xcodeproj">
         </BuildableReference>
      </BuildableProductRunnable>
   </LaunchAction>
   <ProfileAction
      buildConfiguration = "Release"
      shouldUseLaunchSchemeArgsEnv = "YES"
      savedToolIdentifier = ""
      useCustomWorkingDirectory = "NO"
      debugDocumentVersioning = "YES">
      <BuildableProductRunnable
         runnableDebuggingMode = "0">
         <BuildableReference
            BuildableIdentifier = "primary"
            BlueprintIdentifier = "4870AFAB20A9B0E800DAB1C1"
            BuildableName = "PowerTimer.app"
            BlueprintName = "PowerTimer"
            ReferencedContainer = "container:PowerTimer.xcodeproj">
         </BuildableReference>
      </BuildableProductRunnable>
   </ProfileAction>
   <AnalyzeAction
      buildConfiguration = "Debug">
   </AnalyzeAction>
   <ArchiveAction
      buildConfiguration = "Release"
      revealArchiveInOrganizer = "YES">
   </ArchiveAction>
</Scheme>
